
Microsoft Visual Studio Solution File, Format Version 12.00
# Visual Studio Version 16
VisualStudioVersion = 16.0.31321.278
MinimumVisualStudioVersion = 10.0.40219.1
Project("{FAE04EC0-301F-11D3-BF4B-00C04F79EFBC}") = "CIS310", "CIS310\CIS310.csproj", "{30071FC1-6860-4E47-A131-A977825197F4}"
EndProject
Global
	GlobalSection(SolutionConfigurationPlatforms) = preSolution
		Debug|Any CPU = Debug|Any CPU
		Release|Any CPU = Release|Any CPU
	EndGlobalSection
	GlobalSection(ProjectConfigurationPlatforms) = postSolution
		{30071FC1-6860-4E47-A131-A977825197F4}.Debug|Any CPU.ActiveCfg = Debug|Any CPU
		{30071FC1-6860-4E47-A131-A977825197F4}.Debug|Any CPU.Build.0 = Debug|Any CPU
		{30071FC1-6860-4E47-A131-A977825197F4}.Release|Any CPU.ActiveCfg = Release|Any CPU
		{30071FC1-6860-4E47-A131-A977825197F4}.Release|Any CPU.Build.0 = Release|Any CPU
	EndGlobalSection
	GlobalSection(SolutionProperties) = preSolution
		HideSolutionNode = FALSE
	EndGlobalSection
	GlobalSection(ExtensibilityGlobals) = postSolution
		SolutionGuid = {36892512-E3B8-4769-A4FF-ED592CCB567E}
	EndGlobalSection
EndGlobal
